<?xml version="1.0" encoding="UTF-8" standalone="yes" ?>
<CodeBlocks_project_file>
	<FileVersion major="1" minor="6" />
	<Project>
		<Option title="backend" />
		<Option pch_mode="2" />
		<Option compiler="gcc" />
		<Option show_notes="0">
			<notes>
				<![CDATA[test_text]]>
			</notes>
		</Option>
		<Build>
			<Target title="register">
				<Option output="bin/Debug/register" prefix_auto="1" extension_auto="1" />
				<Option object_output="obj/Debug/" />
				<Option type="1" />
				<Option compiler="gcc" />
				<Compiler>
					<Add option="-Wmain" />
					<Add option="-Wextra" />
					<Add option="-Wall" />
					<Add option="-g" />
					<Add option="-std=gnu99" />
				</Compiler>
				<Linker>
					<Add library="m" />
				</Linker>
			</Target>
			<Target title="login_base4">
				<Option output="bin/Debug/login" prefix_auto="1" extension_auto="1" />
				<Option object_output="obj/Debug/" />
				<Option type="1" />
				<Option compiler="gcc" />
				<Compiler>
					<Add option="-Wmain" />
					<Add option="-Wextra" />
					<Add option="-Wall" />
					<Add option="-g" />
					<Add option="-std=gnu99" />
				</Compiler>
				<Linker>
					<Add library="m" />
					<Add library="crypt" />
				</Linker>
			</Target>
			<Target title="register_base4">
				<Option output="bin/Debug/register" prefix_auto="1" extension_auto="1" />
				<Option object_output="obj/Debug/" />
				<Option type="1" />
				<Option compiler="gcc" />
				<Compiler>
					<Add option="-Wmain" />
					<Add option="-Wextra" />
					<Add option="-Wall" />
					<Add option="-g" />
					<Add option="-std=gnu99" />
				</Compiler>
				<Linker>
					<Add library="m" />
					<Add library="crypt" />
				</Linker>
			</Target>
			<Target title="check_user_exist">
				<Option output="bin/Debug/check_user_exist" prefix_auto="1" extension_auto="1" />
				<Option object_output="obj/Debug/" />
				<Option type="1" />
				<Option compiler="gcc" />
				<Compiler>
					<Add option="-Wmain" />
					<Add option="-Wextra" />
					<Add option="-Wall" />
					<Add option="-g" />
					<Add option="-std=gnu99" />
				</Compiler>
				<Linker>
					<Add library="m" />
					<Add library="crypt" />
				</Linker>
			</Target>
		</Build>
		<Compiler>
			<Add option="-Wextra" />
			<Add option="-Wall" />
			<Add directory="/usr/include/mysql" />
		</Compiler>
		<Linker>
			<Add library="mysqlclient" />
		</Linker>
		<Unit filename="CGI_functions.c">
			<Option compilerVar="CC" />
			<Option weight="49" />
		</Unit>
		<Unit filename="CGI_functions.h" />
		<Unit filename="SQL_functions.c">
			<Option compilerVar="CC" />
			<Option target="register" />
		</Unit>
		<Unit filename="SQL_functions.h" />
		<Unit filename="SQL_functions_v1.c">
			<Option compilerVar="CC" />
			<Option target="login_base4" />
			<Option target="register_base4" />
			<Option target="check_user_exist" />
		</Unit>
		<Unit filename="check_user_exist.c">
			<Option compilerVar="CC" />
			<Option target="check_user_exist" />
		</Unit>
		<Unit filename="main_strtok_base3.c">
			<Option compilerVar="CC" />
			<Option target="login_base4" />
		</Unit>
		<Unit filename="pw_notification.c">
			<Option compilerVar="CC" />
			<Option target="&lt;{~None~}&gt;" />
		</Unit>
		<Unit filename="register.c">
			<Option compilerVar="CC" />
			<Option target="register" />
			<Option target="register_base4" />
		</Unit>
		<Extensions>
			<code_completion />
			<debugger />
			<envvars set="default" />
			<DoxyBlocks>
				<comment_style block="0" line="0" />
				<doxyfile_project output_language="German" />
				<doxyfile_build />
				<doxyfile_warnings />
				<doxyfile_output />
				<doxyfile_dot />
				<general />
			</DoxyBlocks>
		</Extensions>
	</Project>
</CodeBlocks_project_file>
